// !$*UTF8*$!
{
	archiveVersion = 1;
	classes = {
	};
	objectVersion = 46;
	objects = {

/* Begin PBXBuildFile section */
		D6D719D11EB08E74000CE9CB /* AppDelegate.swift in Sources */ = {isa = PBXBuildFile; fileRef = D6D719D01EB08E74000CE9CB /* AppDelegate.swift */; };
		D6D719D31EB08E74000CE9CB /* ViewController.swift in Sources */ = {isa = PBXBuildFile; fileRef = D6D719D21EB08E74000CE9CB /* ViewController.swift */; };
		D6D719D61EB08E74000CE9CB /* Main.storyboard in Resources */ = {isa = PBXBuildFile; fileRef = D6D719D41EB08E74000CE9CB /* Main.storyboard */; };
		D6D719D81EB08E74000CE9CB /* Assets.xcassets in Resources */ = {isa = PBXBuildFile; fileRef = D6D719D71EB08E74000CE9CB /* Assets.xcassets */; };
		D6D719DB1EB08E74000CE9CB /* LaunchScreen.storyboard in Resources */ = {isa = PBXBuildFile; fileRef = D6D719D91EB08E74000CE9CB /* LaunchScreen.storyboard */; };
/* End PBXBuildFile section */

/* Begin PBXFileReference section */
		D6D719CD1EB08E74000CE9CB /* HonoluluArt.app */ = {isa = PBXFileReference; explicitFileType = wrapper.application; includeInIndex = 0; path = HonoluluArt.app; sourceTree = BUILT_PRODUCTS_DIR; };
		D6D719D01EB08E74000CE9CB /* AppDelegate.swift */ = {isa = PBXFileReference; lastKnownFileType = sourcecode.swift; path = AppDelegate.swift; sourceTree = "<group>"; };
		D6D719D21EB08E74000CE9CB /* ViewController.swift */ = {isa = PBXFileReference; lastKnownFileType = sourcecode.swift; path = ViewController.swift; sourceTree = "<group>"; };
		D6D719D51EB08E74000CE9CB /* Base */ = {isa = PBXFileReference; lastKnownFileType = file.storyboard; name = Base; path = Base.lproj/Main.storyboard; sourceTree = "<group>"; };
		D6D719D71EB08E74000CE9CB /* Assets.xcassets */ = {isa = PBXFileReference; lastKnownFileType = folder.assetcatalog; path = Assets.xcassets; sourceTree = "<group>"; };
		D6D719DA1EB08E74000CE9CB /* Base */ = {isa = PBXFileReference; lastKnownFileType = file.storyboard; name = Base; path = Base.lproj/LaunchScreen.storyboard; sourceTree = "<group>"; };
		D6D719DC1EB08E74000CE9CB /* Info.plist */ = {isa = PBXFileReference; lastKnownFileType = text.plist.xml; path = Info.plist; sourceTree = "<group>"; };
/* End PBXFileReference section */

/* Begin PBXFrameworksBuildPhase section */
		D6D719CA1EB08E74000CE9CB /* Frameworks */ = {
			isa = PBXFrameworksBuildPhase;
			buildActionMask = 2147483647;
			files = (
			);
			runOnlyForDeploymentPostprocessing = 0;
		};
/* End PBXFrameworksBuildPhase section */

/* Begin PBXGroup section */
		D6D719C41EB08E74000CE9CB = {
			isa = PBXGroup;
			children = (
				D6D719CF1EB08E74000CE9CB /* HonoluluArt */,
				D6D719CE1EB08E74000CE9CB /* Products */,
			);
			sourceTree = "<group>";
		};
		D6D719CE1EB08E74000CE9CB /* Products */ = {
			isa = PBXGroup;
			children = (
				D6D719CD1EB08E74000CE9CB /* HonoluluArt.app */,
			);
			name = Products;
			sourceTree = "<group>";
		};
		D6D719CF1EB08E74000CE9CB /* HonoluluArt */ = {
			isa = PBXGroup;
			children = (
				D6D719D01EB08E74000CE9CB /* AppDelegate.swift */,
				D6D719D21EB08E74000CE9CB /* ViewController.swift */,
				D6D719D41EB08E74000CE9CB /* Main.storyboard */,
				D6D719D71EB08E74000CE9CB /* Assets.xcassets */,
				D6D719D91EB08E74000CE9CB /* LaunchScreen.storyboard */,
				D6D719DC1EB08E74000CE9CB /* Info.plist */,
			);
			path = HonoluluArt;
			sourceTree = "<group>";
		};
/* End PBXGroup section */

/* Begin PBXNativeTarget section */
		D6D719CC1EB08E74000CE9CB /* HonoluluArt */ = {
			isa = PBXNativeTarget;
			buildConfigurationList = D6D719DF1EB08E74000CE9CB /* Build configuration list for PBXNativeTarget "HonoluluArt" */;
			buildPhases = (
				D6D719C91EB08E74000CE9CB /* Sources */,
				D6D719CA1EB08E74000CE9CB /* Frameworks */,
				D6D719CB1EB08E74000CE9CB /* Resources */,
			);
			buildRules = (
			);
			dependencies = (
			);
			name = HonoluluArt;
			productName = HonoluluArt;
			productReference = D6D719CD1EB08E74000CE9CB /* HonoluluArt.app */;
			productType = "com.apple.product-type.application";
		};
/* End PBXNativeTarget section */

/* Begin PBXProject section */
		D6D719C51EB08E74000CE9CB /* Project object */ = {
			isa = PBXProject;
			attributes = {
				LastSwiftUpdateCheck = 0830;
				LastUpgradeCheck = 0830;
				ORGANIZATIONNAME = "Kais Haddadin";
				TargetAttributes = {
					D6D719CC1EB08E74000CE9CB = {
						CreatedOnToolsVersion = 8.3;
						ProvisioningStyle = Automatic;
					};
				};
			};
			buildConfigurationList = D6D719C81EB08E74000CE9CB /* Build configuration list for PBXProject "HonoluluArt" */;
			compatibilityVersion = "Xcode 3.2";
			developmentRegion = English;
			hasScannedForEncodings = 0;
			knownRegions = (
				en,
				Base,
			);
			mainGroup = D6D719C41EB08E74000CE9CB;
			productRefGroup = D6D719CE1EB08E74000CE9CB /* Products */;
			projectDirPath = "";
			projectRoot = "";
			targets = (
				D6D719CC1EB08E74000CE9CB /* HonoluluArt */,
			);
		};
/* End PBXProject section */

/* Begin PBXResourcesBuildPhase section */
		D6D719CB1EB08E74000CE9CB /* Resources */ = {
			isa = PBXResourcesBuildPhase;
			buildActionMask = 2147483647;
			files = (
				D6D719DB1EB08E74000CE9CB /* LaunchScreen.storyboard in Resources */,
				D6D719D81EB08E74000CE9CB /* Assets.xcassets in Resources */,
				D6D719D61EB08E74000CE9CB /* Main.storyboard in Resources */,
			);
			runOnlyForDeploymentPostprocessing = 0;
		};
/* End PBXResourcesBuildPhase section */

/* Begin PBXSourcesBuildPhase section */
		D6D719C91EB08E74000CE9CB /* Sources */ = {
			isa = PBXSourcesBuildPhase;
			buildActionMask = 2147483647;
			files = (
				D6D719D31EB08E74000CE9CB /* ViewController.swift in Sources */,
				D6D719D11EB08E74000CE9CB /* AppDelegate.swift in Sources */,
			);
			runOnlyForDeploymentPostprocessing = 0;
		};
/* End PBXSourcesBuildPhase section */

/* Begin PBXVariantGroup section */
		D6D719D41EB08E74000CE9CB /* Main.storyboard */ = {
			isa = PBXVariantGroup;
			children = (
				D6D719D51EB08E74000CE9CB /* Base */,
			);
			name = Main.storyboard;
			sourceTree = "<group>";
		};
		D6D719D91EB08E74000CE9CB /* LaunchScreen.storyboard */ = {
			isa = PBXVariantGroup;
			children = (
				D6D719DA1EB08E74000CE9CB /* Base */,
			);
			name = LaunchScreen.storyboard;
			sourceTree = "<group>";
		};
/* End PBXVariantGroup section */

/* Begin XCBuildConfiguration section */
		D6D719DD1EB08E74000CE9CB /* Debug */ = {
			isa = XCBuildConfiguration;
			buildSettings = {
				ALWAYS_SEARCH_USER_PATHS = NO;
				CLANG_ANALYZER_NONNULL = YES;
				CLANG_ANALYZER_NUMBER_OBJECT_CONVERSION = YES_AGGRESSIVE;
				CLANG_CXX_LANGUAGE_STANDARD = "gnu++0x";
				CLANG_CXX_LIBRARY = "libc++";
				CLANG_ENABLE_MODULES = YES;
				CLANG_ENABLE_OBJC_ARC = YES;
				CLANG_WARN_BOOL_CONVERSION = YES;
				CLANG_WARN_CONSTANT_CONVERSION = YES;
				CLANG_WARN_DIRECT_OBJC_ISA_USAGE = YES_ERROR;
				CLANG_WARN_DOCUMENTATION_COMMENTS = YES;
				CLANG_WARN_EMPTY_BODY = YES;
				CLANG_WARN_ENUM_CONVERSION = YES;
				CLANG_WARN_INFINITE_RECURSION = YES;
				CLANG_WARN_INT_CONVERSION = YES;
				CLANG_WARN_OBJC_ROOT_CLASS = YES_ERROR;
				CLANG_WARN_SUSPICIOUS_MOVE = YES;
				CLANG_WARN_UNREACHABLE_CODE = YES;
				CLANG_WARN__DUPLICATE_METHOD_MATCH = YES;
				"CODE_SIGN_IDENTITY[sdk=iphoneos*]" = "iPhone Developer";
				COPY_PHASE_STRIP = NO;
				DEBUG_INFORMATION_FORMAT = dwarf;
				ENABLE_STRICT_OBJC_MSGSEND = YES;
				ENABLE_TESTABILITY = YES;
				GCC_C_LANGUAGE_STANDARD = gnu99;
				GCC_DYNAMIC_NO_PIC = NO;
				GCC_NO_COMMON_BLOCKS = YES;
				GCC_OPTIMIZATION_LEVEL = 0;
				GCC_PREPROCESSOR_DEFINITIONS = (
					"DEBUG=1",
					"$(inherited)",
				);
				GCC_WARN_64_TO_32_BIT_CONVERSION = YES;
				GCC_WARN_ABOUT_RETURN_TYPE = YES_ERROR;
				GCC_WARN_UNDECLARED_SELECTOR = YES;
				GCC_WARN_UNINITIALIZED_AUTOS = YES_AGGRESSIVE;
				GCC_WARN_UNUSED_FUNCTION = YES;
				GCC_WARN_UNUSED_VARIABLE = YES;
				IPHONEOS_DEPLOYMENT_TARGET = 10.3;
				MTL_ENABLE_DEBUG_INFO = YES;
				ONLY_ACTIVE_ARCH = YES;
				SDKROOT = iphoneos;
				SWIFT_ACTIVE_COMPILATION_CONDITIONS = DEBUG;
				SWIFT_OPTIMIZATION_LEVEL = "-Onone";
				TARGETED_DEVICE_FAMILY = "1,2";
			};
			name = Debug;
		};
		D6D719DE1EB08E74000CE9CB /* Release */ = {
			isa = XCBuildConfiguration;
			buildSettings = {
				ALWAYS_SEARCH_USER_PATHS = NO;
				CLANG_ANALYZER_NONNULL = YES;
				CLANG_ANALYZER_NUMBER_OBJECT_CONVERSION = YES_AGGRESSIVE;
				CLANG_CXX_LANGUAGE_STANDARD = "gnu++0x";
				CLANG_CXX_LIBRARY = "libc++";
				CLANG_ENABLE_MODULES = YES;
				CLANG_ENABLE_OBJC_ARC = YES;
				CLANG_WARN_BOOL_CONVERSION = YES;
				CLANG_WARN_CONSTANT_CONVERSION = YES;
				CLANG_WARN_DIRECT_OBJC_ISA_USAGE = YES_ERROR;
				CLANG_WARN_DOCUMENTATION_COMMENTS = YES;
				CLANG_WARN_EMPTY_BODY = YES;
				CLANG_WARN_ENUM_CONVERSION = YES;
				CLANG_WARN_INFINITE_RECURSION = YES;
				CLANG_WARN_INT_CONVERSION = YES;
				CLANG_WARN_OBJC_ROOT_CLASS = YES_ERROR;
				CLANG_WARN_SUSPICIOUS_MOVE = YES;
				CLANG_WARN_UNREACHABLE_CODE = YES;
				CLANG_WARN__DUPLICATE_METHOD_MATCH = YES;
				"CODE_SIGN_IDENTITY[sdk=iphoneos*]" = "iPhone Developer";
				COPY_PHASE_STRIP = NO;
				DEBUG_INFORMATION_FORMAT = "dwarf-with-dsym";
				ENABLE_NS_ASSERTIONS = NO;
				ENABLE_STRICT_OBJC_MSGSEND = YES;
				GCC_C_LANGUAGE_STANDARD = gnu99;
				GCC_NO_COMMON_BLOCKS = YES;
				GCC_WARN_64_TO_32_BIT_CONVERSION = YES;
				GCC_WARN_ABOUT_RETURN_TYPE = YES_ERROR;
				GCC_WARN_UNDECLARED_SELECTOR = YES;
				GCC_WARN_UNINITIALIZED_AUTOS = YES_AGGRESSIVE;
				GCC_WARN_UNUSED_FUNCTION = YES;
				GCC_WARN_UNUSED_VARIABLE = YES;
				IPHONEOS_DEPLOYMENT_TARGET = 10.3;
				MTL_ENABLE_DEBUG_INFO = NO;
				SDKROOT = iphoneos;
				SWIFT_OPTIMIZATION_LEVEL = "-Owholemodule";
				TARGETED_DEVICE_FAMILY = "1,2";
				VALIDATE_PRODUCT = YES;
			};
			name = Release;
		};
		D6D719E01EB08E74000CE9CB /* Debug */ = {
			isa = XCBuildConfiguration;
			buildSettings = {
				ASSETCATALOG_COMPILER_APPICON_NAME = AppIcon;
				INFOPLIST_FILE = HonoluluArt/Info.plist;
				LD_RUNPATH_SEARCH_PATHS = "$(inherited) @executable_path/Frameworks";
				PRODUCT_BUNDLE_IDENTIFIER = jedox.HonoluluArt;
				PRODUCT_NAME = "$(TARGET_NAME)";
				SWIFT_VERSION = 3.0;
			};
			name = Debug;
		};
		D6D719E11EB08E74000CE9CB /* Release */ = {
			isa = XCBuildConfiguration;
			buildSettings = {
				ASSETCATALOG_COMPILER_APPICON_NAME = AppIcon;
				INFOPLIST_FILE = HonoluluArt/Info.plist;
				LD_RUNPATH_SEARCH_PATHS = "$(inherited) @executable_path/Frameworks";
				PRODUCT_BUNDLE_IDENTIFIER = jedox.HonoluluArt;
				PRODUCT_NAME = "$(TARGET_NAME)";
				SWIFT_VERSION = 3.0;
			};
			name = Release;
		};
/* End XCBuildConfiguration section */

/* Begin XCConfigurationList section */
		D6D719C81EB08E74000CE9CB /* Build configuration list for PBXProject "HonoluluArt" */ = {
			isa = XCConfigurationList;
			buildConfigurations = (
				D6D719DD1EB08E74000CE9CB /* Debug */,
				D6D719DE1EB08E74000CE9CB /* Release */,
			);
			defaultConfigurationIsVisible = 0;
			defaultConfigurationName = Release;
		};
		D6D719DF1EB08E74000CE9CB /* Build configuration list for PBXNativeTarget "HonoluluArt" */ = {
			isa = XCConfigurationList;
			buildConfigurations = (
				D6D719E01EB08E74000CE9CB /* Debug */,
				D6D719E11EB08E74000CE9CB /* Release */,
			);
			defaultConfigurationIsVisible = 0;
		};
/* End XCConfigurationList section */
	};
	rootObject = D6D719C51EB08E74000CE9CB /* Project object */;
}
